
Microsoft Visual Studio Solution File, Format Version 12.00
# Visual Studio Version 16
VisualStudioVersion = 16.0.30002.166
MinimumVisualStudioVersion = 10.0.40219.1
Project("{8BC9CEB8-8B4A-11D0-8D11-00A0C91BC942}") = "ExplorerPatcher", "ExplorerPatcher\ExplorerPatcher.vcxproj", "{05EB9B16-4C34-47A2-97F5-E65E4955F71B}"
	ProjectSection(ProjectDependencies) = postProject
		{E74E02C4-C6DA-44B2-A034-7C9F1B661152} = {E74E02C4-C6DA-44B2-A034-7C9F1B661152}
	EndProjectSection
EndProject
Project("{8BC9CEB8-8B4A-11D0-8D11-00A0C91BC942}") = "ExplorerPatcherLibrary", "ExplorerPatcherLibrary\ExplorerPatcherLibrary.vcxproj", "{DB3E4319-2969-42B6-B7E8-BB57AA8C9FA9}"
	ProjectSection(ProjectDependencies) = postProject
		{E74E02C4-C6DA-44B2-A034-7C9F1B661152} = {E74E02C4-C6DA-44B2-A034-7C9F1B661152}
	EndProjectSection
EndProject
Project("{8BC9CEB8-8B4A-11D0-8D11-00A0C91BC942}") = "PreBuildCommand", "PreBuildCommand\PreBuildCommand.vcxproj", "{E74E02C4-C6DA-44B2-A034-7C9F1B661152}"
EndProject
Project("{8BC9CEB8-8B4A-11D0-8D11-00A0C91BC942}") = "PostBuildCommand", "PostBuildCommand\PostBuildCommand.vcxproj", "{9AE5B3DE-EA42-454C-85C0-4A7AF6AD331B}"
	ProjectSection(ProjectDependencies) = postProject
		{05EB9B16-4C34-47A2-97F5-E65E4955F71B} = {05EB9B16-4C34-47A2-97F5-E65E4955F71B}
		{DB3E4319-2969-42B6-B7E8-BB57AA8C9FA9} = {DB3E4319-2969-42B6-B7E8-BB57AA8C9FA9}
	EndProjectSection
EndProject
Global
	GlobalSection(SolutionConfigurationPlatforms) = preSolution
		Debug|x64 = Debug|x64
		Debug|x86 = Debug|x86
		Release|x64 = Release|x64
		Release|x86 = Release|x86
	EndGlobalSection
	GlobalSection(ProjectConfigurationPlatforms) = postSolution
		{05EB9B16-4C34-47A2-97F5-E65E4955F71B}.Debug|x64.ActiveCfg = Debug|x64
		{05EB9B16-4C34-47A2-97F5-E65E4955F71B}.Debug|x64.Build.0 = Debug|x64
		{05EB9B16-4C34-47A2-97F5-E65E4955F71B}.Debug|x86.ActiveCfg = Debug|Win32
		{05EB9B16-4C34-47A2-97F5-E65E4955F71B}.Debug|x86.Build.0 = Debug|Win32
		{05EB9B16-4C34-47A2-97F5-E65E4955F71B}.Release|x64.ActiveCfg = Release|x64
		{05EB9B16-4C34-47A2-97F5-E65E4955F71B}.Release|x64.Build.0 = Release|x64
		{05EB9B16-4C34-47A2-97F5-E65E4955F71B}.Release|x86.ActiveCfg = Release|Win32
		{05EB9B16-4C34-47A2-97F5-E65E4955F71B}.Release|x86.Build.0 = Release|Win32
		{DB3E4319-2969-42B6-B7E8-BB57AA8C9FA9}.Debug|x64.ActiveCfg = Debug|x64
		{DB3E4319-2969-42B6-B7E8-BB57AA8C9FA9}.Debug|x64.Build.0 = Debug|x64
		{DB3E4319-2969-42B6-B7E8-BB57AA8C9FA9}.Debug|x86.ActiveCfg = Debug|Win32
		{DB3E4319-2969-42B6-B7E8-BB57AA8C9FA9}.Debug|x86.Build.0 = Debug|Win32
		{DB3E4319-2969-42B6-B7E8-BB57AA8C9FA9}.Release|x64.ActiveCfg = Release|x64
		{DB3E4319-2969-42B6-B7E8-BB57AA8C9FA9}.Release|x64.Build.0 = Release|x64
		{DB3E4319-2969-42B6-B7E8-BB57AA8C9FA9}.Release|x86.ActiveCfg = Release|Win32
		{DB3E4319-2969-42B6-B7E8-BB57AA8C9FA9}.Release|x86.Build.0 = Release|Win32
		{E74E02C4-C6DA-44B2-A034-7C9F1B661152}.Debug|x64.ActiveCfg = Debug|x64
		{E74E02C4-C6DA-44B2-A034-7C9F1B661152}.Debug|x64.Build.0 = Debug|x64
		{E74E02C4-C6DA-44B2-A034-7C9F1B661152}.Debug|x86.ActiveCfg = Debug|Win32
		{E74E02C4-C6DA-44B2-A034-7C9F1B661152}.Debug|x86.Build.0 = Debug|Win32
		{E74E02C4-C6DA-44B2-A034-7C9F1B661152}.Release|x64.ActiveCfg = Release|x64
		{E74E02C4-C6DA-44B2-A034-7C9F1B661152}.Release|x64.Build.0 = Release|x64
		{E74E02C4-C6DA-44B2-A034-7C9F1B661152}.Release|x86.ActiveCfg = Release|Win32
		{E74E02C4-C6DA-44B2-A034-7C9F1B661152}.Release|x86.Build.0 = Release|Win32
		{9AE5B3DE-EA42-454C-85C0-4A7AF6AD331B}.Debug|x64.ActiveCfg = Debug|x64
		{9AE5B3DE-EA42-454C-85C0-4A7AF6AD331B}.Debug|x64.Build.0 = Debug|x64
		{9AE5B3DE-EA42-454C-85C0-4A7AF6AD331B}.Debug|x86.ActiveCfg = Debug|Win32
		{9AE5B3DE-EA42-454C-85C0-4A7AF6AD331B}.Debug|x86.Build.0 = Debug|Win32
		{9AE5B3DE-EA42-454C-85C0-4A7AF6AD331B}.Release|x64.ActiveCfg = Release|x64
		{9AE5B3DE-EA42-454C-85C0-4A7AF6AD331B}.Release|x64.Build.0 = Release|x64
		{9AE5B3DE-EA42-454C-85C0-4A7AF6AD331B}.Release|x86.ActiveCfg = Release|Win32
		{9AE5B3DE-EA42-454C-85C0-4A7AF6AD331B}.Release|x86.Build.0 = Release|Win32
	EndGlobalSection
	GlobalSection(SolutionProperties) = preSolution
		HideSolutionNode = FALSE
	EndGlobalSection
	GlobalSection(ExtensibilityGlobals) = postSolution
		SolutionGuid = {39EBC2F0-6949-46EC-9FC2-776591FEE2DA}
	EndGlobalSection
EndGlobal
