
Microsoft Visual Studio Solution File, Format Version 12.00
# Visual Studio Version 16
VisualStudioVersion = 16.0.30002.166
MinimumVisualStudioVersion = 10.0.40219.1
Project("{8BC9CEB8-8B4A-11D0-8D11-00A0C91BC942}") = "ExplorerPatcher", "ExplorerPatcher\ExplorerPatcher.vcxproj", "{DB3E4319-2969-42B6-B7E8-BB57AA8C9FA9}"
EndProject
Global
	GlobalSection(SolutionConfigurationPlatforms) = preSolution
		Debug|ARM64 = Debug|ARM64
		Debug|x64 = Debug|x64
		Release|ARM64 = Release|ARM64
		Release|x64 = Release|x64
	EndGlobalSection
	GlobalSection(ProjectConfigurationPlatforms) = postSolution
		{DB3E4319-2969-42B6-B7E8-BB57AA8C9FA9}.Debug|ARM64.ActiveCfg = Debug|x64
		{DB3E4319-2969-42B6-B7E8-BB57AA8C9FA9}.Debug|ARM64.Build.0 = Debug|x64
		{DB3E4319-2969-42B6-B7E8-BB57AA8C9FA9}.Debug|x64.ActiveCfg = Debug|x64
		{DB3E4319-2969-42B6-B7E8-BB57AA8C9FA9}.Debug|x64.Build.0 = Debug|x64
		{DB3E4319-2969-42B6-B7E8-BB57AA8C9FA9}.Release|ARM64.ActiveCfg = Release|ARM64
		{DB3E4319-2969-42B6-B7E8-BB57AA8C9FA9}.Release|ARM64.Build.0 = Release|ARM64
		{DB3E4319-2969-42B6-B7E8-BB57AA8C9FA9}.Release|x64.ActiveCfg = Release|x64
		{DB3E4319-2969-42B6-B7E8-BB57AA8C9FA9}.Release|x64.Build.0 = Release|x64
	EndGlobalSection
	GlobalSection(SolutionProperties) = preSolution
		HideSolutionNode = FALSE
	EndGlobalSection
	GlobalSection(ExtensibilityGlobals) = postSolution
		SolutionGuid = {39EBC2F0-6949-46EC-9FC2-776591FEE2DA}
	EndGlobalSection
EndGlobal
