
Microsoft Visual Studio Solution File, Format Version 12.00
# Visual Studio Version 17
VisualStudioVersion = 17.0.32126.317
MinimumVisualStudioVersion = 10.0.40219.1
Project("{8BC9CEB8-8B4A-11D0-8D11-00A0C91BC942}") = "ExplorerPatcher", "ExplorerPatcher\ExplorerPatcher.vcxproj", "{DB3E4319-2969-42B6-B7E8-BB57AA8C9FA9}"
	ProjectSection(ProjectDependencies) = postProject
		{314A50C1-F0A0-4D0C-89E1-AD8F3951043E} = {314A50C1-F0A0-4D0C-89E1-AD8F3951043E}
		{AF02ABAC-EAEB-471C-9957-73D430B8B4DE} = {AF02ABAC-EAEB-471C-9957-73D430B8B4DE}
	EndProjectSection
EndProject
Project("{8BC9CEB8-8B4A-11D0-8D11-00A0C91BC942}") = "ep_generate_release_description", "ep_generate_release_description\ep_generate_release_description.vcxproj", "{C362CFBE-7C6B-4457-8D01-839818D42ECB}"
EndProject
Project("{8BC9CEB8-8B4A-11D0-8D11-00A0C91BC942}") = "ep_generate_release_name", "ep_generate_release_name\ep_generate_release_name.vcxproj", "{78D0C3CF-25C0-41D4-9359-0E9AB72B9874}"
EndProject
Project("{8BC9CEB8-8B4A-11D0-8D11-00A0C91BC942}") = "ep_setup", "ep_setup\ep_setup.vcxproj", "{2FD40B09-F224-4E9A-B2FE-A22B50B2DEBF}"
	ProjectSection(ProjectDependencies) = postProject
		{1ECCAB38-61B6-4C85-BBB5-2E2232DA3A87} = {1ECCAB38-61B6-4C85-BBB5-2E2232DA3A87}
		{314A50C1-F0A0-4D0C-89E1-AD8F3951043E} = {314A50C1-F0A0-4D0C-89E1-AD8F3951043E}
		{6BF03EEA-200A-4698-9555-057DD52B0C78} = {6BF03EEA-200A-4698-9555-057DD52B0C78}
		{DB3E4319-2969-42B6-B7E8-BB57AA8C9FA9} = {DB3E4319-2969-42B6-B7E8-BB57AA8C9FA9}
		{2351A0DF-782C-4D74-85B7-0847D245D6B4} = {2351A0DF-782C-4D74-85B7-0847D245D6B4}
	EndProjectSection
EndProject
Project("{8BC9CEB8-8B4A-11D0-8D11-00A0C91BC942}") = "ep_setup_patch", "ep_setup_patch\ep_setup_patch.vcxproj", "{0C13E5F3-106B-4836-A7C2-8E5808A6ED78}"
	ProjectSection(ProjectDependencies) = postProject
		{2FD40B09-F224-4E9A-B2FE-A22B50B2DEBF} = {2FD40B09-F224-4E9A-B2FE-A22B50B2DEBF}
	EndProjectSection
EndProject
Project("{8BC9CEB8-8B4A-11D0-8D11-00A0C91BC942}") = "ep_dwm", "ep_dwm\ep_dwm\ep_dwm.vcxproj", "{1ECCAB38-61B6-4C85-BBB5-2E2232DA3A87}"
EndProject
Project("{8BC9CEB8-8B4A-11D0-8D11-00A0C91BC942}") = "ep_weather_host", "ep_weather_host\ep_weather_host.vcxproj", "{314A50C1-F0A0-4D0C-89E1-AD8F3951043E}"
	ProjectSection(ProjectDependencies) = postProject
		{AF02ABAC-EAEB-471C-9957-73D430B8B4DE} = {AF02ABAC-EAEB-471C-9957-73D430B8B4DE}
	EndProjectSection
EndProject
Project("{8BC9CEB8-8B4A-11D0-8D11-00A0C91BC942}") = "ep_weather_host_stub", "ep_weather_host_stub\ep_weather_host_stub.vcxproj", "{AF02ABAC-EAEB-471C-9957-73D430B8B4DE}"
EndProject
Project("{8BC9CEB8-8B4A-11D0-8D11-00A0C91BC942}") = "ep_startmenu", "ep_startmenu\ep_startmenu.vcxproj", "{6BF03EEA-200A-4698-9555-057DD52B0C78}"
EndProject
Project("{8BC9CEB8-8B4A-11D0-8D11-00A0C91BC942}") = "ep_extra", "ep_extra\ep_extra.vcxproj", "{93FA47CC-7753-4F86-B583-69048F51C5AB}"
EndProject
Project("{8BC9CEB8-8B4A-11D0-8D11-00A0C91BC942}") = "ep_extra_valinet.win7alttab", "ep_extra_valinet.win7alttab\ep_extra_valinet.win7alttab.vcxproj", "{A66C5F27-DBF8-45A4-BDF3-BA54D8D82D0F}"
	ProjectSection(ProjectDependencies) = postProject
		{93FA47CC-7753-4F86-B583-69048F51C5AB} = {93FA47CC-7753-4F86-B583-69048F51C5AB}
	EndProjectSection
EndProject
Project("{8BC9CEB8-8B4A-11D0-8D11-00A0C91BC942}") = "ep_gui", "ep_gui\ep_gui.vcxproj", "{2351A0DF-782C-4D74-85B7-0847D245D6B4}"
	ProjectSection(ProjectDependencies) = postProject
		{314A50C1-F0A0-4D0C-89E1-AD8F3951043E} = {314A50C1-F0A0-4D0C-89E1-AD8F3951043E}
		{AF02ABAC-EAEB-471C-9957-73D430B8B4DE} = {AF02ABAC-EAEB-471C-9957-73D430B8B4DE}
	EndProjectSection
EndProject
Global
	GlobalSection(SolutionConfigurationPlatforms) = preSolution
		Debug|amd64 = Debug|amd64
		Debug|arm64 = Debug|arm64
		Debug|IA-32 = Debug|IA-32
		Release|amd64 = Release|amd64
		Release|arm64 = Release|arm64
		Release|IA-32 = Release|IA-32
	EndGlobalSection
	GlobalSection(ProjectConfigurationPlatforms) = postSolution
		{DB3E4319-2969-42B6-B7E8-BB57AA8C9FA9}.Debug|amd64.ActiveCfg = Debug|x64
		{DB3E4319-2969-42B6-B7E8-BB57AA8C9FA9}.Debug|amd64.Build.0 = Debug|x64
		{DB3E4319-2969-42B6-B7E8-BB57AA8C9FA9}.Debug|arm64.ActiveCfg = Debug|ARM64
		{DB3E4319-2969-42B6-B7E8-BB57AA8C9FA9}.Debug|arm64.Build.0 = Debug|ARM64
		{DB3E4319-2969-42B6-B7E8-BB57AA8C9FA9}.Debug|IA-32.ActiveCfg = Debug|Win32
		{DB3E4319-2969-42B6-B7E8-BB57AA8C9FA9}.Debug|IA-32.Build.0 = Debug|Win32
		{DB3E4319-2969-42B6-B7E8-BB57AA8C9FA9}.Release|amd64.ActiveCfg = Release|x64
		{DB3E4319-2969-42B6-B7E8-BB57AA8C9FA9}.Release|amd64.Build.0 = Release|x64
		{DB3E4319-2969-42B6-B7E8-BB57AA8C9FA9}.Release|arm64.ActiveCfg = Release|ARM64
		{DB3E4319-2969-42B6-B7E8-BB57AA8C9FA9}.Release|arm64.Build.0 = Release|ARM64
		{DB3E4319-2969-42B6-B7E8-BB57AA8C9FA9}.Release|IA-32.ActiveCfg = Release|Win32
		{DB3E4319-2969-42B6-B7E8-BB57AA8C9FA9}.Release|IA-32.Build.0 = Release|Win32
		{C362CFBE-7C6B-4457-8D01-839818D42ECB}.Debug|amd64.ActiveCfg = Debug|x64
		{C362CFBE-7C6B-4457-8D01-839818D42ECB}.Debug|amd64.Build.0 = Debug|x64
		{C362CFBE-7C6B-4457-8D01-839818D42ECB}.Debug|arm64.ActiveCfg = Debug|ARM64
		{C362CFBE-7C6B-4457-8D01-839818D42ECB}.Debug|IA-32.ActiveCfg = Debug|Win32
		{C362CFBE-7C6B-4457-8D01-839818D42ECB}.Release|amd64.ActiveCfg = Release|x64
		{C362CFBE-7C6B-4457-8D01-839818D42ECB}.Release|amd64.Build.0 = Release|x64
		{C362CFBE-7C6B-4457-8D01-839818D42ECB}.Release|arm64.ActiveCfg = Release|ARM64
		{C362CFBE-7C6B-4457-8D01-839818D42ECB}.Release|IA-32.ActiveCfg = Release|Win32
		{78D0C3CF-25C0-41D4-9359-0E9AB72B9874}.Debug|amd64.ActiveCfg = Debug|x64
		{78D0C3CF-25C0-41D4-9359-0E9AB72B9874}.Debug|amd64.Build.0 = Debug|x64
		{78D0C3CF-25C0-41D4-9359-0E9AB72B9874}.Debug|arm64.ActiveCfg = Debug|ARM64
		{78D0C3CF-25C0-41D4-9359-0E9AB72B9874}.Debug|IA-32.ActiveCfg = Debug|Win32
		{78D0C3CF-25C0-41D4-9359-0E9AB72B9874}.Release|amd64.ActiveCfg = Release|x64
		{78D0C3CF-25C0-41D4-9359-0E9AB72B9874}.Release|amd64.Build.0 = Release|x64
		{78D0C3CF-25C0-41D4-9359-0E9AB72B9874}.Release|arm64.ActiveCfg = Release|ARM64
		{78D0C3CF-25C0-41D4-9359-0E9AB72B9874}.Release|IA-32.ActiveCfg = Release|Win32
		{2FD40B09-F224-4E9A-B2FE-A22B50B2DEBF}.Debug|amd64.ActiveCfg = Debug|x64
		{2FD40B09-F224-4E9A-B2FE-A22B50B2DEBF}.Debug|amd64.Build.0 = Debug|x64
		{2FD40B09-F224-4E9A-B2FE-A22B50B2DEBF}.Debug|arm64.ActiveCfg = Debug|ARM64
		{2FD40B09-F224-4E9A-B2FE-A22B50B2DEBF}.Debug|arm64.Build.0 = Debug|ARM64
		{2FD40B09-F224-4E9A-B2FE-A22B50B2DEBF}.Debug|IA-32.ActiveCfg = Debug|Win32
		{2FD40B09-F224-4E9A-B2FE-A22B50B2DEBF}.Release|amd64.ActiveCfg = Release|x64
		{2FD40B09-F224-4E9A-B2FE-A22B50B2DEBF}.Release|amd64.Build.0 = Release|x64
		{2FD40B09-F224-4E9A-B2FE-A22B50B2DEBF}.Release|arm64.ActiveCfg = Release|ARM64
		{2FD40B09-F224-4E9A-B2FE-A22B50B2DEBF}.Release|arm64.Build.0 = Release|ARM64
		{2FD40B09-F224-4E9A-B2FE-A22B50B2DEBF}.Release|IA-32.ActiveCfg = Release|Win32
		{0C13E5F3-106B-4836-A7C2-8E5808A6ED78}.Debug|amd64.ActiveCfg = Debug|x64
		{0C13E5F3-106B-4836-A7C2-8E5808A6ED78}.Debug|amd64.Build.0 = Debug|x64
		{0C13E5F3-106B-4836-A7C2-8E5808A6ED78}.Debug|arm64.ActiveCfg = Debug|ARM64
		{0C13E5F3-106B-4836-A7C2-8E5808A6ED78}.Debug|IA-32.ActiveCfg = Debug|Win32
		{0C13E5F3-106B-4836-A7C2-8E5808A6ED78}.Release|amd64.ActiveCfg = Release|x64
		{0C13E5F3-106B-4836-A7C2-8E5808A6ED78}.Release|amd64.Build.0 = Release|x64
		{0C13E5F3-106B-4836-A7C2-8E5808A6ED78}.Release|arm64.ActiveCfg = Release|ARM64
		{0C13E5F3-106B-4836-A7C2-8E5808A6ED78}.Release|IA-32.ActiveCfg = Release|Win32
		{1ECCAB38-61B6-4C85-BBB5-2E2232DA3A87}.Debug|amd64.ActiveCfg = Debug|x64
		{1ECCAB38-61B6-4C85-BBB5-2E2232DA3A87}.Debug|amd64.Build.0 = Debug|x64
		{1ECCAB38-61B6-4C85-BBB5-2E2232DA3A87}.Debug|arm64.ActiveCfg = Debug|ARM64
		{1ECCAB38-61B6-4C85-BBB5-2E2232DA3A87}.Debug|arm64.Build.0 = Debug|ARM64
		{1ECCAB38-61B6-4C85-BBB5-2E2232DA3A87}.Debug|IA-32.ActiveCfg = Debug|Win32
		{1ECCAB38-61B6-4C85-BBB5-2E2232DA3A87}.Release|amd64.ActiveCfg = Release|x64
		{1ECCAB38-61B6-4C85-BBB5-2E2232DA3A87}.Release|amd64.Build.0 = Release|x64
		{1ECCAB38-61B6-4C85-BBB5-2E2232DA3A87}.Release|arm64.ActiveCfg = Release|ARM64
		{1ECCAB38-61B6-4C85-BBB5-2E2232DA3A87}.Release|arm64.Build.0 = Release|ARM64
		{1ECCAB38-61B6-4C85-BBB5-2E2232DA3A87}.Release|IA-32.ActiveCfg = Release|Win32
		{314A50C1-F0A0-4D0C-89E1-AD8F3951043E}.Debug|amd64.ActiveCfg = Debug|x64
		{314A50C1-F0A0-4D0C-89E1-AD8F3951043E}.Debug|amd64.Build.0 = Debug|x64
		{314A50C1-F0A0-4D0C-89E1-AD8F3951043E}.Debug|arm64.ActiveCfg = Debug|ARM64
		{314A50C1-F0A0-4D0C-89E1-AD8F3951043E}.Debug|arm64.Build.0 = Debug|ARM64
		{314A50C1-F0A0-4D0C-89E1-AD8F3951043E}.Debug|IA-32.ActiveCfg = Debug|Win32
		{314A50C1-F0A0-4D0C-89E1-AD8F3951043E}.Release|amd64.ActiveCfg = Release|x64
		{314A50C1-F0A0-4D0C-89E1-AD8F3951043E}.Release|amd64.Build.0 = Release|x64
		{314A50C1-F0A0-4D0C-89E1-AD8F3951043E}.Release|arm64.ActiveCfg = Release|ARM64
		{314A50C1-F0A0-4D0C-89E1-AD8F3951043E}.Release|arm64.Build.0 = Release|ARM64
		{314A50C1-F0A0-4D0C-89E1-AD8F3951043E}.Release|IA-32.ActiveCfg = Release|Win32
		{AF02ABAC-EAEB-471C-9957-73D430B8B4DE}.Debug|amd64.ActiveCfg = Debug|x64
		{AF02ABAC-EAEB-471C-9957-73D430B8B4DE}.Debug|amd64.Build.0 = Debug|x64
		{AF02ABAC-EAEB-471C-9957-73D430B8B4DE}.Debug|arm64.ActiveCfg = Debug|ARM64
		{AF02ABAC-EAEB-471C-9957-73D430B8B4DE}.Debug|arm64.Build.0 = Debug|ARM64
		{AF02ABAC-EAEB-471C-9957-73D430B8B4DE}.Debug|IA-32.ActiveCfg = Debug|Win32
		{AF02ABAC-EAEB-471C-9957-73D430B8B4DE}.Release|amd64.ActiveCfg = Release|x64
		{AF02ABAC-EAEB-471C-9957-73D430B8B4DE}.Release|amd64.Build.0 = Release|x64
		{AF02ABAC-EAEB-471C-9957-73D430B8B4DE}.Release|arm64.ActiveCfg = Release|ARM64
		{AF02ABAC-EAEB-471C-9957-73D430B8B4DE}.Release|arm64.Build.0 = Release|ARM64
		{AF02ABAC-EAEB-471C-9957-73D430B8B4DE}.Release|IA-32.ActiveCfg = Release|Win32
		{6BF03EEA-200A-4698-9555-057DD52B0C78}.Debug|amd64.ActiveCfg = Debug|x64
		{6BF03EEA-200A-4698-9555-057DD52B0C78}.Debug|amd64.Build.0 = Debug|x64
		{6BF03EEA-200A-4698-9555-057DD52B0C78}.Debug|arm64.ActiveCfg = Debug|ARM64
		{6BF03EEA-200A-4698-9555-057DD52B0C78}.Debug|arm64.Build.0 = Debug|ARM64
		{6BF03EEA-200A-4698-9555-057DD52B0C78}.Debug|IA-32.ActiveCfg = Debug|Win32
		{6BF03EEA-200A-4698-9555-057DD52B0C78}.Release|amd64.ActiveCfg = Release|x64
		{6BF03EEA-200A-4698-9555-057DD52B0C78}.Release|amd64.Build.0 = Release|x64
		{6BF03EEA-200A-4698-9555-057DD52B0C78}.Release|arm64.ActiveCfg = Release|ARM64
		{6BF03EEA-200A-4698-9555-057DD52B0C78}.Release|arm64.Build.0 = Release|ARM64
		{6BF03EEA-200A-4698-9555-057DD52B0C78}.Release|IA-32.ActiveCfg = Release|Win32
		{93FA47CC-7753-4F86-B583-69048F51C5AB}.Debug|amd64.ActiveCfg = Debug|x64
		{93FA47CC-7753-4F86-B583-69048F51C5AB}.Debug|amd64.Build.0 = Debug|x64
		{93FA47CC-7753-4F86-B583-69048F51C5AB}.Debug|arm64.ActiveCfg = Debug|ARM64
		{93FA47CC-7753-4F86-B583-69048F51C5AB}.Debug|IA-32.ActiveCfg = Debug|Win32
		{93FA47CC-7753-4F86-B583-69048F51C5AB}.Release|amd64.ActiveCfg = Release|x64
		{93FA47CC-7753-4F86-B583-69048F51C5AB}.Release|amd64.Build.0 = Release|x64
		{93FA47CC-7753-4F86-B583-69048F51C5AB}.Release|arm64.ActiveCfg = Release|ARM64
		{93FA47CC-7753-4F86-B583-69048F51C5AB}.Release|IA-32.ActiveCfg = Release|Win32
		{A66C5F27-DBF8-45A4-BDF3-BA54D8D82D0F}.Debug|amd64.ActiveCfg = Debug|x64
		{A66C5F27-DBF8-45A4-BDF3-BA54D8D82D0F}.Debug|amd64.Build.0 = Debug|x64
		{A66C5F27-DBF8-45A4-BDF3-BA54D8D82D0F}.Debug|arm64.ActiveCfg = Debug|ARM64
		{A66C5F27-DBF8-45A4-BDF3-BA54D8D82D0F}.Debug|IA-32.ActiveCfg = Debug|Win32
		{A66C5F27-DBF8-45A4-BDF3-BA54D8D82D0F}.Release|amd64.ActiveCfg = Release|x64
		{A66C5F27-DBF8-45A4-BDF3-BA54D8D82D0F}.Release|amd64.Build.0 = Release|x64
		{A66C5F27-DBF8-45A4-BDF3-BA54D8D82D0F}.Release|arm64.ActiveCfg = Release|ARM64
		{A66C5F27-DBF8-45A4-BDF3-BA54D8D82D0F}.Release|IA-32.ActiveCfg = Release|Win32
		{2351A0DF-782C-4D74-85B7-0847D245D6B4}.Debug|amd64.ActiveCfg = Debug|x64
		{2351A0DF-782C-4D74-85B7-0847D245D6B4}.Debug|amd64.Build.0 = Debug|x64
		{2351A0DF-782C-4D74-85B7-0847D245D6B4}.Debug|arm64.ActiveCfg = Debug|ARM64
		{2351A0DF-782C-4D74-85B7-0847D245D6B4}.Debug|arm64.Build.0 = Debug|ARM64
		{2351A0DF-782C-4D74-85B7-0847D245D6B4}.Debug|IA-32.ActiveCfg = Debug|x64
		{2351A0DF-782C-4D74-85B7-0847D245D6B4}.Release|amd64.ActiveCfg = Release|x64
		{2351A0DF-782C-4D74-85B7-0847D245D6B4}.Release|amd64.Build.0 = Release|x64
		{2351A0DF-782C-4D74-85B7-0847D245D6B4}.Release|arm64.ActiveCfg = Release|ARM64
		{2351A0DF-782C-4D74-85B7-0847D245D6B4}.Release|arm64.Build.0 = Release|ARM64
		{2351A0DF-782C-4D74-85B7-0847D245D6B4}.Release|IA-32.ActiveCfg = Release|x64
	EndGlobalSection
	GlobalSection(SolutionProperties) = preSolution
		HideSolutionNode = FALSE
	EndGlobalSection
	GlobalSection(ExtensibilityGlobals) = postSolution
		SolutionGuid = {39EBC2F0-6949-46EC-9FC2-776591FEE2DA}
	EndGlobalSection
EndGlobal
