<?xml version="1.0" encoding="utf-8"?>
<Project ToolsVersion="4.0" xmlns="http://schemas.microsoft.com/developer/msbuild/2003">
  <ItemGroup>
    <Filter Include="Source Files">
      <UniqueIdentifier>{4FC737F1-C7A5-4376-A066-2A32D752A2FF}</UniqueIdentifier>
      <Extensions>cpp;c;cc;cxx;c++;def;odl;idl;hpj;bat;asm;asmx</Extensions>
    </Filter>
    <Filter Include="Header Files">
      <UniqueIdentifier>{93995380-89BD-4b04-88EB-625FBE52EBFB}</UniqueIdentifier>
      <Extensions>h;hh;hpp;hxx;h++;hm;inl;inc;ipp;xsd</Extensions>
    </Filter>
    <Filter Include="Resource Files">
      <UniqueIdentifier>{67DA6AB6-F800-4c08-8B7A-83BB121AAD01}</UniqueIdentifier>
      <Extensions>rc;ico;cur;bmp;dlg;rc2;rct;bin;rgs;gif;jpg;jpeg;jpe;resx;tiff;tif;png;wav;mfcribbon-ms</Extensions>
    </Filter>
    <Filter Include="Header Files\sws">
      <UniqueIdentifier>{bd0d631a-7170-49ec-94ef-70c77ec3a4ab}</UniqueIdentifier>
    </Filter>
    <Filter Include="Source Files\sws">
      <UniqueIdentifier>{4caf96b4-d282-4cad-a9c6-4d8d1374e5a6}</UniqueIdentifier>
    </Filter>
    <Filter Include="Header Files\internal">
      <UniqueIdentifier>{2b202c30-7683-42d3-afc3-ddd3c38e1c8d}</UniqueIdentifier>
    </Filter>
    <Filter Include="Source Files\internal">
      <UniqueIdentifier>{08cd1a6f-9a8f-45ef-a50b-142a1725c106}</UniqueIdentifier>
    </Filter>
    <Filter Include="Settings">
      <UniqueIdentifier>{190d08ad-4a1d-4b58-81a1-6403eeb3cd2a}</UniqueIdentifier>
    </Filter>
  </ItemGroup>
  <ItemGroup>
    <ClInclude Include="resource.h">
      <Filter>Header Files</Filter>
    </ClInclude>
    <ClInclude Include="hooking.h">
      <Filter>Header Files</Filter>
    </ClInclude>
    <ClInclude Include="ArchiveMenu.h">
      <Filter>Header Files</Filter>
    </ClInclude>
    <ClInclude Include="StartupSound.h">
      <Filter>Header Files</Filter>
    </ClInclude>
    <ClInclude Include="dxgi_imp.h">
      <Filter>Header Files</Filter>
    </ClInclude>
    <ClInclude Include="SettingsMonitor.h">
      <Filter>Header Files</Filter>
    </ClInclude>
    <ClInclude Include="HideExplorerSearchBar.h">
      <Filter>Header Files</Filter>
    </ClInclude>
    <ClInclude Include="StartMenu.h">
      <Filter>Header Files</Filter>
    </ClInclude>
    <ClInclude Include="symbols.h">
      <Filter>Header Files</Filter>
    </ClInclude>
    <ClInclude Include="utility.h">
      <Filter>Header Files</Filter>
    </ClInclude>
    <ClInclude Include="TaskbarCenter.h">
      <Filter>Header Files</Filter>
    </ClInclude>
    <ClInclude Include="fmemopen.h">
      <Filter>Header Files\internal</Filter>
    </ClInclude>
    <ClInclude Include="getline.h">
      <Filter>Header Files\internal</Filter>
    </ClInclude>
    <ClInclude Include="ep_private.h">
      <Filter>Header Files\internal</Filter>
    </ClInclude>
    <ClInclude Include="..\libs\sws\SimpleWindowSwitcher\sws_def.h">
      <Filter>Header Files\sws</Filter>
    </ClInclude>
    <ClInclude Include="..\libs\sws\SimpleWindowSwitcher\sws_error.h">
      <Filter>Header Files\sws</Filter>
    </ClInclude>
    <ClInclude Include="..\libs\sws\SimpleWindowSwitcher\sws_vector.h">
      <Filter>Header Files\sws</Filter>
    </ClInclude>
    <ClInclude Include="..\libs\sws\SimpleWindowSwitcher\sws_WindowHelpers.h">
      <Filter>Header Files\sws</Filter>
    </ClInclude>
    <ClInclude Include="..\libs\sws\SimpleWindowSwitcher\sws_WindowSwitcher.h">
      <Filter>Header Files\sws</Filter>
    </ClInclude>
    <ClInclude Include="..\libs\sws\SimpleWindowSwitcher\sws_WindowSwitcherLayout.h">
      <Filter>Header Files\sws</Filter>
    </ClInclude>
    <ClInclude Include="..\libs\sws\SimpleWindowSwitcher\sws_WindowSwitcherLayoutWindow.h">
      <Filter>Header Files\sws</Filter>
    </ClInclude>
    <ClInclude Include="..\libs\sws\SimpleWindowSwitcher\sws_RegistryMonitor.h">
      <Filter>Header Files\sws</Filter>
    </ClInclude>
    <ClInclude Include="..\libs\sws\SimpleWindowSwitcher\sws_window.h">
      <Filter>Header Files\sws</Filter>
    </ClInclude>
    <ClInclude Include="..\libs\sws\SimpleWindowSwitcher\sws_utility.h">
      <Filter>Header Files\sws</Filter>
    </ClInclude>
    <ClInclude Include="queryversion.h">
      <Filter>Header Files\internal</Filter>
    </ClInclude>
    <ClInclude Include="updates.h">
      <Filter>Header Files</Filter>
    </ClInclude>
    <ClInclude Include="..\version.h">
      <Filter>Header Files\internal</Filter>
    </ClInclude>
    <ClInclude Include="ImmersiveFlyouts.h">
      <Filter>Header Files</Filter>
    </ClInclude>
    <ClInclude Include="..\libs\sws\SimpleWindowSwitcher\sws_tshwnd.h">
      <Filter>Header Files\sws</Filter>
    </ClInclude>
    <ClInclude Include="..\libs\sws\SimpleWindowSwitcher\sws_IconPainter.h">
      <Filter>Header Files\sws</Filter>
    </ClInclude>
    <ClInclude Include="def.h">
      <Filter>Header Files</Filter>
    </ClInclude>
    <ClInclude Include="lvt.h">
      <Filter>Header Files</Filter>
    </ClInclude>
    <ClInclude Include="osutility.h">
      <Filter>Header Files\internal</Filter>
    </ClInclude>
    <ClInclude Include="ImmersiveColor.h">
      <Filter>Header Files</Filter>
    </ClInclude>
    <ClInclude Include="InputSwitch.h">
      <Filter>Header Files</Filter>
    </ClInclude>
    <ClInclude Include="Localization.h">
      <Filter>Header Files</Filter>
    </ClInclude>
    <ClInclude Include="inc\ContainerPolicies.h">
      <Filter>Header Files</Filter>
    </ClInclude>
    <ClInclude Include="inc\memsafe.h">
      <Filter>Header Files</Filter>
    </ClInclude>
    <ClInclude Include="inc\NativeString.h">
      <Filter>Header Files</Filter>
    </ClInclude>
    <ClInclude Include="inc\RefCountedObject.h">
      <Filter>Header Files</Filter>
    </ClInclude>
    <ClInclude Include="inc\ResultUtils.h">
      <Filter>Header Files</Filter>
    </ClInclude>
    <ClInclude Include="inc\SimpleArray.h">
      <Filter>Header Files</Filter>
    </ClInclude>
  </ItemGroup>
  <ItemGroup>
    <ResourceCompile Include="ExplorerPatcher.rc">
      <Filter>Resource Files</Filter>
    </ResourceCompile>
  </ItemGroup>
  <ItemGroup>
    <ClCompile Include="dllmain.c">
      <Filter>Source Files</Filter>
    </ClCompile>
    <ClCompile Include="ArchiveMenu.c">
      <Filter>Source Files</Filter>
    </ClCompile>
    <ClCompile Include="SettingsMonitor.c">
      <Filter>Source Files</Filter>
    </ClCompile>
    <ClCompile Include="HideExplorerSearchBar.c">
      <Filter>Source Files</Filter>
    </ClCompile>
    <ClCompile Include="StartMenu.c">
      <Filter>Source Files</Filter>
    </ClCompile>
    <ClCompile Include="StartMenuSettings.cpp">
      <Filter>Source Files</Filter>
    </ClCompile>
    <ClCompile Include="symbols.c">
      <Filter>Source Files</Filter>
    </ClCompile>
    <ClCompile Include="utility.c">
      <Filter>Source Files</Filter>
    </ClCompile>
    <ClCompile Include="fmemopen.c">
      <Filter>Source Files\internal</Filter>
    </ClCompile>
    <ClCompile Include="getline.c">
      <Filter>Source Files\internal</Filter>
    </ClCompile>
    <ClCompile Include="..\libs\sws\SimpleWindowSwitcher\sws_error.c">
      <Filter>Source Files\sws</Filter>
    </ClCompile>
    <ClCompile Include="..\libs\sws\SimpleWindowSwitcher\sws_vector.c">
      <Filter>Source Files\sws</Filter>
    </ClCompile>
    <ClCompile Include="..\libs\sws\SimpleWindowSwitcher\sws_WindowHelpers.c">
      <Filter>Source Files\sws</Filter>
    </ClCompile>
    <ClCompile Include="..\libs\sws\SimpleWindowSwitcher\sws_WindowSwitcher.c">
      <Filter>Source Files\sws</Filter>
    </ClCompile>
    <ClCompile Include="..\libs\sws\SimpleWindowSwitcher\sws_WindowSwitcherLayout.c">
      <Filter>Source Files\sws</Filter>
    </ClCompile>
    <ClCompile Include="..\libs\sws\SimpleWindowSwitcher\sws_WindowSwitcherLayoutWindow.c">
      <Filter>Source Files\sws</Filter>
    </ClCompile>
    <ClCompile Include="..\libs\sws\SimpleWindowSwitcher\sws_RegistryMonitor.c">
      <Filter>Source Files\sws</Filter>
    </ClCompile>
    <ClCompile Include="..\libs\sws\SimpleWindowSwitcher\sws_window.c">
      <Filter>Source Files\sws</Filter>
    </ClCompile>
    <ClCompile Include="ImmersiveFlyouts.c">
      <Filter>Source Files</Filter>
    </ClCompile>
    <ClCompile Include="..\libs\sws\SimpleWindowSwitcher\sws_IconPainter.c">
      <Filter>Source Files\sws</Filter>
    </ClCompile>
    <ClCompile Include="..\libs\sws\SimpleWindowSwitcher\sws_tshwnd.c">
      <Filter>Source Files\sws</Filter>
    </ClCompile>
    <ClCompile Include="lvt.c">
      <Filter>Source Files</Filter>
    </ClCompile>
    <ClCompile Include="InputSwitch.cpp">
      <Filter>Source Files</Filter>
    </ClCompile>
    <ClCompile Include="Localization.cpp">
      <Filter>Source Files</Filter>
    </ClCompile>
    <ClCompile Include="StartupSound.cpp">
      <Filter>Source Files</Filter>
    </ClCompile>
    <ClCompile Include="Taskbar10.cpp">
      <Filter>Source Files</Filter>
    </ClCompile>
    <ClCompile Include="TaskbarCenter.cpp">
      <Filter>Source Files</Filter>
    </ClCompile>
    <ClCompile Include="TwinUIPatches.cpp">
      <Filter>Source Files</Filter>
    </ClCompile>
    <ClCompile Include="updates.cpp">
      <Filter>Source Files</Filter>
    </ClCompile>
  </ItemGroup>
  <ItemGroup>
    <None Include="packages.config" />
  </ItemGroup>
  <ItemGroup>
    <Natvis Include="$(MSBuildThisFileDirectory)..\..\natvis\wil.natvis" />
  </ItemGroup>
</Project>